// !$*UTF8*$!
{
	archiveVersion = 1;
	classes = {
	};
	objectVersion = 46;
	objects = {

/* Begin PBXBuildFile section */
		182C78871C7BFFCC00FD2B63 /* UIColor+Util.m in Sources */ = {isa = PBXBuildFile; fileRef = 182C78861C7BFFCC00FD2B63 /* UIColor+Util.m */; settings = {ASSET_TAGS = (); }; };
		182C788A1C7C00A700FD2B63 /* Config.m in Sources */ = {isa = PBXBuildFile; fileRef = 182C78891C7C00A700FD2B63 /* Config.m */; settings = {ASSET_TAGS = (); }; };
		182C788D1C7C04A500FD2B63 /* UIView+Util.m in Sources */ = {isa = PBXBuildFile; fileRef = 182C788C1C7C04A500FD2B63 /* UIView+Util.m */; settings = {ASSET_TAGS = (); }; };
		182C78931C7C0DB400FD2B63 /* RootViewController.m in Sources */ = {isa = PBXBuildFile; fileRef = 182C78921C7C0DB400FD2B63 /* RootViewController.m */; settings = {ASSET_TAGS = (); }; };
		182C78961C7C0DFB00FD2B63 /* SideMenuViewController.m in Sources */ = {isa = PBXBuildFile; fileRef = 182C78951C7C0DFB00FD2B63 /* SideMenuViewController.m */; settings = {ASSET_TAGS = (); }; };
		182C78991C7C0E5200FD2B63 /* OSCTabBarController.m in Sources */ = {isa = PBXBuildFile; fileRef = 182C78981C7C0E5200FD2B63 /* OSCTabBarController.m */; settings = {ASSET_TAGS = (); }; };
		182C789D1C7C37E900FD2B63 /* OSCObjsViewController.m in Sources */ = {isa = PBXBuildFile; fileRef = 182C789C1C7C37E900FD2B63 /* OSCObjsViewController.m */; settings = {ASSET_TAGS = (); }; };
		182C78A11C7C384100FD2B63 /* TitleBarView.m in Sources */ = {isa = PBXBuildFile; fileRef = 182C78A01C7C384100FD2B63 /* TitleBarView.m */; settings = {ASSET_TAGS = (); }; };
		182C78A41C7C385F00FD2B63 /* HorizonalTableViewController.m in Sources */ = {isa = PBXBuildFile; fileRef = 182C78A31C7C385F00FD2B63 /* HorizonalTableViewController.m */; settings = {ASSET_TAGS = (); }; };
		182C78A71C7C387700FD2B63 /* SwipableViewController.m in Sources */ = {isa = PBXBuildFile; fileRef = 182C78A61C7C387700FD2B63 /* SwipableViewController.m */; settings = {ASSET_TAGS = (); }; };
		182C78AC1C7C3A0000FD2B63 /* LastCell.m in Sources */ = {isa = PBXBuildFile; fileRef = 182C78AB1C7C3A0000FD2B63 /* LastCell.m */; settings = {ASSET_TAGS = (); }; };
		182C78B11C7C4D3000FD2B63 /* OSCBaseObject.m in Sources */ = {isa = PBXBuildFile; fileRef = 182C78B01C7C4D3000FD2B63 /* OSCBaseObject.m */; settings = {ASSET_TAGS = (); }; };
		182C78B41C7C51D400FD2B63 /* Utils.m in Sources */ = {isa = PBXBuildFile; fileRef = 182C78B31C7C51D400FD2B63 /* Utils.m */; settings = {ASSET_TAGS = (); }; };
		182C78B71C7C522C00FD2B63 /* UIImageView+Util.m in Sources */ = {isa = PBXBuildFile; fileRef = 182C78B61C7C522C00FD2B63 /* UIImageView+Util.m */; settings = {ASSET_TAGS = (); }; };
		182C78BA1C7C52AC00FD2B63 /* UIImage+Util.m in Sources */ = {isa = PBXBuildFile; fileRef = 182C78B91C7C52AC00FD2B63 /* UIImage+Util.m */; settings = {ASSET_TAGS = (); }; };
		182C78BD1C7C545C00FD2B63 /* NSTextAttachment+Util.m in Sources */ = {isa = PBXBuildFile; fileRef = 182C78BC1C7C545C00FD2B63 /* NSTextAttachment+Util.m */; settings = {ASSET_TAGS = (); }; };
		182C78C01C7C54DD00FD2B63 /* AFHTTPRequestOperationManager+Util.m in Sources */ = {isa = PBXBuildFile; fileRef = 182C78BF1C7C54DD00FD2B63 /* AFHTTPRequestOperationManager+Util.m */; settings = {ASSET_TAGS = (); }; };
		18764EA91C7D83E200E4E269 /* Login.storyboard in Resources */ = {isa = PBXBuildFile; fileRef = 18764EA81C7D83E200E4E269 /* Login.storyboard */; settings = {ASSET_TAGS = (); }; };
		18764EAC1C7D840300E4E269 /* LoginViewController.m in Sources */ = {isa = PBXBuildFile; fileRef = 18764EAB1C7D840300E4E269 /* LoginViewController.m */; settings = {ASSET_TAGS = (); }; };
		18764EB01C7DB0D100E4E269 /* PostsViewController.m in Sources */ = {isa = PBXBuildFile; fileRef = 18764EAF1C7DB0D100E4E269 /* PostsViewController.m */; settings = {ASSET_TAGS = (); }; };
		18764EB41C7E8CA700E4E269 /* OSCPost.m in Sources */ = {isa = PBXBuildFile; fileRef = 18764EB31C7E8CA700E4E269 /* OSCPost.m */; settings = {ASSET_TAGS = (); }; };
		18764EB71C7E90B000E4E269 /* PostCell.m in Sources */ = {isa = PBXBuildFile; fileRef = 18764EB61C7E90B000E4E269 /* PostCell.m */; settings = {ASSET_TAGS = (); }; };
		18C11D081C7BF259001D2706 /* main.m in Sources */ = {isa = PBXBuildFile; fileRef = 18C11D071C7BF259001D2706 /* main.m */; };
		18C11D0B1C7BF259001D2706 /* AppDelegate.m in Sources */ = {isa = PBXBuildFile; fileRef = 18C11D0A1C7BF259001D2706 /* AppDelegate.m */; };
		18C11D111C7BF259001D2706 /* Main.storyboard in Resources */ = {isa = PBXBuildFile; fileRef = 18C11D0F1C7BF259001D2706 /* Main.storyboard */; };
		18C11D131C7BF259001D2706 /* Assets.xcassets in Resources */ = {isa = PBXBuildFile; fileRef = 18C11D121C7BF259001D2706 /* Assets.xcassets */; };
		18C11D161C7BF259001D2706 /* LaunchScreen.storyboard in Resources */ = {isa = PBXBuildFile; fileRef = 18C11D141C7BF259001D2706 /* LaunchScreen.storyboard */; };
		D742019AFB9328ED87342F73 /* Pods.framework in Frameworks */ = {isa = PBXBuildFile; fileRef = 6C61B47567F51103C41ADB24 /* Pods.framework */; settings = {ATTRIBUTES = (Weak, ); }; };
/* End PBXBuildFile section */

/* Begin PBXFileReference section */
		182C78821C7BF97C00FD2B63 /* PrefixHeader.pch */ = {isa = PBXFileReference; lastKnownFileType = sourcecode.c.h; path = PrefixHeader.pch; sourceTree = "<group>"; };
		182C78851C7BFFCC00FD2B63 /* UIColor+Util.h */ = {isa = PBXFileReference; fileEncoding = 4; lastKnownFileType = sourcecode.c.h; path = "UIColor+Util.h"; sourceTree = "<group>"; };
		182C78861C7BFFCC00FD2B63 /* UIColor+Util.m */ = {isa = PBXFileReference; fileEncoding = 4; lastKnownFileType = sourcecode.c.objc; path = "UIColor+Util.m"; sourceTree = "<group>"; };
		182C78881C7C00A700FD2B63 /* Config.h */ = {isa = PBXFileReference; fileEncoding = 4; lastKnownFileType = sourcecode.c.h; path = Config.h; sourceTree = "<group>"; };
		182C78891C7C00A700FD2B63 /* Config.m */ = {isa = PBXFileReference; fileEncoding = 4; lastKnownFileType = sourcecode.c.objc; path = Config.m; sourceTree = "<group>"; };
		182C788B1C7C04A500FD2B63 /* UIView+Util.h */ = {isa = PBXFileReference; fileEncoding = 4; lastKnownFileType = sourcecode.c.h; path = "UIView+Util.h"; sourceTree = "<group>"; };
		182C788C1C7C04A500FD2B63 /* UIView+Util.m */ = {isa = PBXFileReference; fileEncoding = 4; lastKnownFileType = sourcecode.c.objc; path = "UIView+Util.m"; sourceTree = "<group>"; };
		182C78911C7C0DB400FD2B63 /* RootViewController.h */ = {isa = PBXFileReference; fileEncoding = 4; lastKnownFileType = sourcecode.c.h; path = RootViewController.h; sourceTree = "<group>"; };
		182C78921C7C0DB400FD2B63 /* RootViewController.m */ = {isa = PBXFileReference; fileEncoding = 4; lastKnownFileType = sourcecode.c.objc; path = RootViewController.m; sourceTree = "<group>"; };
		182C78941C7C0DFB00FD2B63 /* SideMenuViewController.h */ = {isa = PBXFileReference; fileEncoding = 4; lastKnownFileType = sourcecode.c.h; path = SideMenuViewController.h; sourceTree = "<group>"; };
		182C78951C7C0DFB00FD2B63 /* SideMenuViewController.m */ = {isa = PBXFileReference; fileEncoding = 4; lastKnownFileType = sourcecode.c.objc; path = SideMenuViewController.m; sourceTree = "<group>"; };
		182C78971C7C0E5200FD2B63 /* OSCTabBarController.h */ = {isa = PBXFileReference; fileEncoding = 4; lastKnownFileType = sourcecode.c.h; path = OSCTabBarController.h; sourceTree = "<group>"; };
		182C78981C7C0E5200FD2B63 /* OSCTabBarController.m */ = {isa = PBXFileReference; fileEncoding = 4; lastKnownFileType = sourcecode.c.objc; path = OSCTabBarController.m; sourceTree = "<group>"; };
		182C789B1C7C37E900FD2B63 /* OSCObjsViewController.h */ = {isa = PBXFileReference; fileEncoding = 4; lastKnownFileType = sourcecode.c.h; path = OSCObjsViewController.h; sourceTree = "<group>"; };
		182C789C1C7C37E900FD2B63 /* OSCObjsViewController.m */ = {isa = PBXFileReference; fileEncoding = 4; lastKnownFileType = sourcecode.c.objc; path = OSCObjsViewController.m; sourceTree = "<group>"; };
		182C789F1C7C384100FD2B63 /* TitleBarView.h */ = {isa = PBXFileReference; fileEncoding = 4; lastKnownFileType = sourcecode.c.h; path = TitleBarView.h; sourceTree = "<group>"; };
		182C78A01C7C384100FD2B63 /* TitleBarView.m */ = {isa = PBXFileReference; fileEncoding = 4; lastKnownFileType = sourcecode.c.objc; path = TitleBarView.m; sourceTree = "<group>"; };
		182C78A21C7C385F00FD2B63 /* HorizonalTableViewController.h */ = {isa = PBXFileReference; fileEncoding = 4; lastKnownFileType = sourcecode.c.h; path = HorizonalTableViewController.h; sourceTree = "<group>"; };
		182C78A31C7C385F00FD2B63 /* HorizonalTableViewController.m */ = {isa = PBXFileReference; fileEncoding = 4; lastKnownFileType = sourcecode.c.objc; path = HorizonalTableViewController.m; sourceTree = "<group>"; };
		182C78A51C7C387700FD2B63 /* SwipableViewController.h */ = {isa = PBXFileReference; fileEncoding = 4; lastKnownFileType = sourcecode.c.h; path = SwipableViewController.h; sourceTree = "<group>"; };
		182C78A61C7C387700FD2B63 /* SwipableViewController.m */ = {isa = PBXFileReference; fileEncoding = 4; lastKnownFileType = sourcecode.c.objc; path = SwipableViewController.m; sourceTree = "<group>"; };
		182C78A81C7C391D00FD2B63 /* OSCAPI.h */ = {isa = PBXFileReference; fileEncoding = 4; lastKnownFileType = sourcecode.c.h; path = OSCAPI.h; sourceTree = "<group>"; };
		182C78AA1C7C3A0000FD2B63 /* LastCell.h */ = {isa = PBXFileReference; fileEncoding = 4; lastKnownFileType = sourcecode.c.h; path = LastCell.h; sourceTree = "<group>"; };
		182C78AB1C7C3A0000FD2B63 /* LastCell.m */ = {isa = PBXFileReference; fileEncoding = 4; lastKnownFileType = sourcecode.c.objc; path = LastCell.m; sourceTree = "<group>"; };
		182C78AF1C7C4D3000FD2B63 /* OSCBaseObject.h */ = {isa = PBXFileReference; fileEncoding = 4; lastKnownFileType = sourcecode.c.h; path = OSCBaseObject.h; sourceTree = "<group>"; };
		182C78B01C7C4D3000FD2B63 /* OSCBaseObject.m */ = {isa = PBXFileReference; fileEncoding = 4; lastKnownFileType = sourcecode.c.objc; path = OSCBaseObject.m; sourceTree = "<group>"; };
		182C78B21C7C51D400FD2B63 /* Utils.h */ = {isa = PBXFileReference; fileEncoding = 4; lastKnownFileType = sourcecode.c.h; path = Utils.h; sourceTree = "<group>"; };
		182C78B31C7C51D400FD2B63 /* Utils.m */ = {isa = PBXFileReference; fileEncoding = 4; lastKnownFileType = sourcecode.c.objc; path = Utils.m; sourceTree = "<group>"; };
		182C78B51C7C522C00FD2B63 /* UIImageView+Util.h */ = {isa = PBXFileReference; fileEncoding = 4; lastKnownFileType = sourcecode.c.h; path = "UIImageView+Util.h"; sourceTree = "<group>"; };
		182C78B61C7C522C00FD2B63 /* UIImageView+Util.m */ = {isa = PBXFileReference; fileEncoding = 4; lastKnownFileType = sourcecode.c.objc; path = "UIImageView+Util.m"; sourceTree = "<group>"; };
		182C78B81C7C52AC00FD2B63 /* UIImage+Util.h */ = {isa = PBXFileReference; fileEncoding = 4; lastKnownFileType = sourcecode.c.h; path = "UIImage+Util.h"; sourceTree = "<group>"; };
		182C78B91C7C52AC00FD2B63 /* UIImage+Util.m */ = {isa = PBXFileReference; fileEncoding = 4; lastKnownFileType = sourcecode.c.objc; path = "UIImage+Util.m"; sourceTree = "<group>"; };
		182C78BB1C7C545C00FD2B63 /* NSTextAttachment+Util.h */ = {isa = PBXFileReference; fileEncoding = 4; lastKnownFileType = sourcecode.c.h; path = "NSTextAttachment+Util.h"; sourceTree = "<group>"; };
		182C78BC1C7C545C00FD2B63 /* NSTextAttachment+Util.m */ = {isa = PBXFileReference; fileEncoding = 4; lastKnownFileType = sourcecode.c.objc; path = "NSTextAttachment+Util.m"; sourceTree = "<group>"; };
		182C78BE1C7C54DD00FD2B63 /* AFHTTPRequestOperationManager+Util.h */ = {isa = PBXFileReference; fileEncoding = 4; lastKnownFileType = sourcecode.c.h; path = "AFHTTPRequestOperationManager+Util.h"; sourceTree = "<group>"; };
		182C78BF1C7C54DD00FD2B63 /* AFHTTPRequestOperationManager+Util.m */ = {isa = PBXFileReference; fileEncoding = 4; lastKnownFileType = sourcecode.c.objc; path = "AFHTTPRequestOperationManager+Util.m"; sourceTree = "<group>"; };
		18764EA81C7D83E200E4E269 /* Login.storyboard */ = {isa = PBXFileReference; fileEncoding = 4; lastKnownFileType = file.storyboard; path = Login.storyboard; sourceTree = "<group>"; };
		18764EAA1C7D840300E4E269 /* LoginViewController.h */ = {isa = PBXFileReference; fileEncoding = 4; lastKnownFileType = sourcecode.c.h; path = LoginViewController.h; sourceTree = "<group>"; };
		18764EAB1C7D840300E4E269 /* LoginViewController.m */ = {isa = PBXFileReference; fileEncoding = 4; lastKnownFileType = sourcecode.c.objc; path = LoginViewController.m; sourceTree = "<group>"; };
		18764EAE1C7DB0D100E4E269 /* PostsViewController.h */ = {isa = PBXFileReference; fileEncoding = 4; lastKnownFileType = sourcecode.c.h; path = PostsViewController.h; sourceTree = "<group>"; };
		18764EAF1C7DB0D100E4E269 /* PostsViewController.m */ = {isa = PBXFileReference; fileEncoding = 4; lastKnownFileType = sourcecode.c.objc; path = PostsViewController.m; sourceTree = "<group>"; };
		18764EB21C7E8CA700E4E269 /* OSCPost.h */ = {isa = PBXFileReference; fileEncoding = 4; lastKnownFileType = sourcecode.c.h; path = OSCPost.h; sourceTree = "<group>"; };
		18764EB31C7E8CA700E4E269 /* OSCPost.m */ = {isa = PBXFileReference; fileEncoding = 4; lastKnownFileType = sourcecode.c.objc; path = OSCPost.m; sourceTree = "<group>"; };
		18764EB51C7E90B000E4E269 /* PostCell.h */ = {isa = PBXFileReference; fileEncoding = 4; lastKnownFileType = sourcecode.c.h; path = PostCell.h; sourceTree = "<group>"; };
		18764EB61C7E90B000E4E269 /* PostCell.m */ = {isa = PBXFileReference; fileEncoding = 4; lastKnownFileType = sourcecode.c.objc; path = PostCell.m; sourceTree = "<group>"; };
		18C11D031C7BF259001D2706 /* OSChina.app */ = {isa = PBXFileReference; explicitFileType = wrapper.application; includeInIndex = 0; path = OSChina.app; sourceTree = BUILT_PRODUCTS_DIR; };
		18C11D071C7BF259001D2706 /* main.m */ = {isa = PBXFileReference; lastKnownFileType = sourcecode.c.objc; path = main.m; sourceTree = "<group>"; };
		18C11D091C7BF259001D2706 /* AppDelegate.h */ = {isa = PBXFileReference; lastKnownFileType = sourcecode.c.h; path = AppDelegate.h; sourceTree = "<group>"; };
		18C11D0A1C7BF259001D2706 /* AppDelegate.m */ = {isa = PBXFileReference; lastKnownFileType = sourcecode.c.objc; path = AppDelegate.m; sourceTree = "<group>"; };
		18C11D101C7BF259001D2706 /* Base */ = {isa = PBXFileReference; lastKnownFileType = file.storyboard; name = Base; path = Base.lproj/Main.storyboard; sourceTree = "<group>"; };
		18C11D121C7BF259001D2706 /* Assets.xcassets */ = {isa = PBXFileReference; lastKnownFileType = folder.assetcatalog; path = Assets.xcassets; sourceTree = "<group>"; };
		18C11D151C7BF259001D2706 /* Base */ = {isa = PBXFileReference; lastKnownFileType = file.storyboard; name = Base; path = Base.lproj/LaunchScreen.storyboard; sourceTree = "<group>"; };
		18C11D171C7BF259001D2706 /* Info.plist */ = {isa = PBXFileReference; lastKnownFileType = text.plist.xml; path = Info.plist; sourceTree = "<group>"; };
		68D197F841872F9F981173CE /* Pods.release.xcconfig */ = {isa = PBXFileReference; includeInIndex = 1; lastKnownFileType = text.xcconfig; name = Pods.release.xcconfig; path = "Pods/Target Support Files/Pods/Pods.release.xcconfig"; sourceTree = "<group>"; };
		6C61B47567F51103C41ADB24 /* Pods.framework */ = {isa = PBXFileReference; explicitFileType = wrapper.framework; includeInIndex = 0; path = Pods.framework; sourceTree = BUILT_PRODUCTS_DIR; };
		B42589654B1D12E59DE22A09 /* Pods.debug.xcconfig */ = {isa = PBXFileReference; includeInIndex = 1; lastKnownFileType = text.xcconfig; name = Pods.debug.xcconfig; path = "Pods/Target Support Files/Pods/Pods.debug.xcconfig"; sourceTree = "<group>"; };
/* End PBXFileReference section */

/* Begin PBXFrameworksBuildPhase section */
		18C11D001C7BF259001D2706 /* Frameworks */ = {
			isa = PBXFrameworksBuildPhase;
			buildActionMask = 2147483647;
			files = (
				D742019AFB9328ED87342F73 /* Pods.framework in Frameworks */,
			);
			runOnlyForDeploymentPostprocessing = 0;
		};
/* End PBXFrameworksBuildPhase section */

/* Begin PBXGroup section */
		182C78831C7BFF9F00FD2B63 /* Utils */ = {
			isa = PBXGroup;
			children = (
				182C78A91C7C39EF00FD2B63 /* Component */,
				182C78841C7BFFB200FD2B63 /* Catagory */,
				182C78881C7C00A700FD2B63 /* Config.h */,
				182C78891C7C00A700FD2B63 /* Config.m */,
				182C78B21C7C51D400FD2B63 /* Utils.h */,
				182C78B31C7C51D400FD2B63 /* Utils.m */,
			);
			path = Utils;
			sourceTree = "<group>";
		};
		182C78841C7BFFB200FD2B63 /* Catagory */ = {
			isa = PBXGroup;
			children = (
				182C78851C7BFFCC00FD2B63 /* UIColor+Util.h */,
				182C78861C7BFFCC00FD2B63 /* UIColor+Util.m */,
				182C788B1C7C04A500FD2B63 /* UIView+Util.h */,
				182C788C1C7C04A500FD2B63 /* UIView+Util.m */,
				182C78B51C7C522C00FD2B63 /* UIImageView+Util.h */,
				182C78B61C7C522C00FD2B63 /* UIImageView+Util.m */,
				182C78B81C7C52AC00FD2B63 /* UIImage+Util.h */,
				182C78B91C7C52AC00FD2B63 /* UIImage+Util.m */,
				182C78BB1C7C545C00FD2B63 /* NSTextAttachment+Util.h */,
				182C78BC1C7C545C00FD2B63 /* NSTextAttachment+Util.m */,
				182C78BE1C7C54DD00FD2B63 /* AFHTTPRequestOperationManager+Util.h */,
				182C78BF1C7C54DD00FD2B63 /* AFHTTPRequestOperationManager+Util.m */,
			);
			path = Catagory;
			sourceTree = "<group>";
		};
		182C788E1C7C0D5D00FD2B63 /* Main */ = {
			isa = PBXGroup;
			children = (
				182C78901C7C0D9200FD2B63 /* Tab Bar */,
				182C788F1C7C0D7900FD2B63 /* 侧拉菜单 */,
				182C78911C7C0DB400FD2B63 /* RootViewController.h */,
				182C78921C7C0DB400FD2B63 /* RootViewController.m */,
			);
			path = Main;
			sourceTree = "<group>";
		};
		182C788F1C7C0D7900FD2B63 /* 侧拉菜单 */ = {
			isa = PBXGroup;
			children = (
				182C78941C7C0DFB00FD2B63 /* SideMenuViewController.h */,
				182C78951C7C0DFB00FD2B63 /* SideMenuViewController.m */,
			);
			path = "侧拉菜单";
			sourceTree = "<group>";
		};
		182C78901C7C0D9200FD2B63 /* Tab Bar */ = {
			isa = PBXGroup;
			children = (
				182C78971C7C0E5200FD2B63 /* OSCTabBarController.h */,
				182C78981C7C0E5200FD2B63 /* OSCTabBarController.m */,
			);
			path = "Tab Bar";
			sourceTree = "<group>";
		};
		182C789A1C7C37A500FD2B63 /* Main ViewControllers */ = {
			isa = PBXGroup;
			children = (
				182C789B1C7C37E900FD2B63 /* OSCObjsViewController.h */,
				182C789C1C7C37E900FD2B63 /* OSCObjsViewController.m */,
				182C789E1C7C382A00FD2B63 /* SwipableViewController */,
			);
			path = "Main ViewControllers";
			sourceTree = "<group>";
		};
		182C789E1C7C382A00FD2B63 /* SwipableViewController */ = {
			isa = PBXGroup;
			children = (
				182C789F1C7C384100FD2B63 /* TitleBarView.h */,
				182C78A01C7C384100FD2B63 /* TitleBarView.m */,
				182C78A21C7C385F00FD2B63 /* HorizonalTableViewController.h */,
				182C78A31C7C385F00FD2B63 /* HorizonalTableViewController.m */,
				182C78A51C7C387700FD2B63 /* SwipableViewController.h */,
				182C78A61C7C387700FD2B63 /* SwipableViewController.m */,
			);
			path = SwipableViewController;
			sourceTree = "<group>";
		};
		182C78A91C7C39EF00FD2B63 /* Component */ = {
			isa = PBXGroup;
			children = (
				182C78AA1C7C3A0000FD2B63 /* LastCell.h */,
				182C78AB1C7C3A0000FD2B63 /* LastCell.m */,
			);
			path = Component;
			sourceTree = "<group>";
		};
		182C78AD1C7C4D1A00FD2B63 /* Models */ = {
			isa = PBXGroup;
			children = (
				182C78AE1C7C4D1A00FD2B63 /* OSC */,
			);
			path = Models;
			sourceTree = "<group>";
		};
		182C78AE1C7C4D1A00FD2B63 /* OSC */ = {
			isa = PBXGroup;
			children = (
				18764EB11C7E8C7900E4E269 /* Post */,
				182C78AF1C7C4D3000FD2B63 /* OSCBaseObject.h */,
				182C78B01C7C4D3000FD2B63 /* OSCBaseObject.m */,
			);
			path = OSC;
			sourceTree = "<group>";
		};
		18764EA71C7D83BC00E4E269 /* 用户 */ = {
			isa = PBXGroup;
			children = (
				18764EA81C7D83E200E4E269 /* Login.storyboard */,
				18764EAA1C7D840300E4E269 /* LoginViewController.h */,
				18764EAB1C7D840300E4E269 /* LoginViewController.m */,
			);
			path = "用户";
			sourceTree = "<group>";
		};
		18764EAD1C7DB08C00E4E269 /* 帖子 */ = {
			isa = PBXGroup;
			children = (
				18764EAE1C7DB0D100E4E269 /* PostsViewController.h */,
				18764EAF1C7DB0D100E4E269 /* PostsViewController.m */,
				18764EB51C7E90B000E4E269 /* PostCell.h */,
				18764EB61C7E90B000E4E269 /* PostCell.m */,
			);
			path = "帖子";
			sourceTree = "<group>";
		};
		18764EB11C7E8C7900E4E269 /* Post */ = {
			isa = PBXGroup;
			children = (
				18764EB21C7E8CA700E4E269 /* OSCPost.h */,
				18764EB31C7E8CA700E4E269 /* OSCPost.m */,
			);
			path = Post;
			sourceTree = "<group>";
		};
		18C11CFA1C7BF259001D2706 = {
			isa = PBXGroup;
			children = (
				18C11D051C7BF259001D2706 /* OSChina */,
				18C11D041C7BF259001D2706 /* Products */,
				EDE57964B4312C2EAA1E2384 /* Pods */,
				E88366155100AF08BC541269 /* Frameworks */,
			);
			sourceTree = "<group>";
		};
		18C11D041C7BF259001D2706 /* Products */ = {
			isa = PBXGroup;
			children = (
				18C11D031C7BF259001D2706 /* OSChina.app */,
			);
			name = Products;
			sourceTree = "<group>";
		};
		18C11D051C7BF259001D2706 /* OSChina */ = {
			isa = PBXGroup;
			children = (
				182C78A81C7C391D00FD2B63 /* OSCAPI.h */,
				18C11D091C7BF259001D2706 /* AppDelegate.h */,
				18C11D0A1C7BF259001D2706 /* AppDelegate.m */,
				18C11D0F1C7BF259001D2706 /* Main.storyboard */,
				18C11D121C7BF259001D2706 /* Assets.xcassets */,
				18C11D141C7BF259001D2706 /* LaunchScreen.storyboard */,
				18C11D171C7BF259001D2706 /* Info.plist */,
				18764EAD1C7DB08C00E4E269 /* 帖子 */,
				18764EA71C7D83BC00E4E269 /* 用户 */,
				182C78AD1C7C4D1A00FD2B63 /* Models */,
				182C789A1C7C37A500FD2B63 /* Main ViewControllers */,
				182C788E1C7C0D5D00FD2B63 /* Main */,
				182C78831C7BFF9F00FD2B63 /* Utils */,
				18C11D061C7BF259001D2706 /* Supporting Files */,
			);
			path = OSChina;
			sourceTree = "<group>";
		};
		18C11D061C7BF259001D2706 /* Supporting Files */ = {
			isa = PBXGroup;
			children = (
				18C11D071C7BF259001D2706 /* main.m */,
				182C78821C7BF97C00FD2B63 /* PrefixHeader.pch */,
			);
			name = "Supporting Files";
			sourceTree = "<group>";
		};
		E88366155100AF08BC541269 /* Frameworks */ = {
			isa = PBXGroup;
			children = (
				6C61B47567F51103C41ADB24 /* Pods.framework */,
			);
			name = Frameworks;
			sourceTree = "<group>";
		};
		EDE57964B4312C2EAA1E2384 /* Pods */ = {
			isa = PBXGroup;
			children = (
				B42589654B1D12E59DE22A09 /* Pods.debug.xcconfig */,
				68D197F841872F9F981173CE /* Pods.release.xcconfig */,
			);
			name = Pods;
			sourceTree = "<group>";
		};
/* End PBXGroup section */

/* Begin PBXNativeTarget section */
		18C11D021C7BF259001D2706 /* OSChina */ = {
			isa = PBXNativeTarget;
			buildConfigurationList = 18C11D1A1C7BF259001D2706 /* Build configuration list for PBXNativeTarget "OSChina" */;
			buildPhases = (
				0CDB27F76C6BDE06D42317BD /* Check Pods Manifest.lock */,
				18C11CFF1C7BF259001D2706 /* Sources */,
				18C11D001C7BF259001D2706 /* Frameworks */,
				18C11D011C7BF259001D2706 /* Resources */,
				9651935D82665C0C7DD8D020 /* Embed Pods Frameworks */,
				4E483228B2CC1B2F51A73E77 /* Copy Pods Resources */,
			);
			buildRules = (
			);
			dependencies = (
			);
			name = OSChina;
			productName = OSChina;
			productReference = 18C11D031C7BF259001D2706 /* OSChina.app */;
			productType = "com.apple.product-type.application";
		};
/* End PBXNativeTarget section */

/* Begin PBXProject section */
		18C11CFB1C7BF259001D2706 /* Project object */ = {
			isa = PBXProject;
			attributes = {
				LastUpgradeCheck = 0700;
				ORGANIZATIONNAME = apple;
				TargetAttributes = {
					18C11D021C7BF259001D2706 = {
						CreatedOnToolsVersion = 7.0.1;
					};
				};
			};
			buildConfigurationList = 18C11CFE1C7BF259001D2706 /* Build configuration list for PBXProject "OSChina" */;
			compatibilityVersion = "Xcode 3.2";
			developmentRegion = English;
			hasScannedForEncodings = 0;
			knownRegions = (
				en,
				Base,
			);
			mainGroup = 18C11CFA1C7BF259001D2706;
			productRefGroup = 18C11D041C7BF259001D2706 /* Products */;
			projectDirPath = "";
			projectRoot = "";
			targets = (
				18C11D021C7BF259001D2706 /* OSChina */,
			);
		};
/* End PBXProject section */

/* Begin PBXResourcesBuildPhase section */
		18C11D011C7BF259001D2706 /* Resources */ = {
			isa = PBXResourcesBuildPhase;
			buildActionMask = 2147483647;
			files = (
				18764EA91C7D83E200E4E269 /* Login.storyboard in Resources */,
				18C11D161C7BF259001D2706 /* LaunchScreen.storyboard in Resources */,
				18C11D131C7BF259001D2706 /* Assets.xcassets in Resources */,
				18C11D111C7BF259001D2706 /* Main.storyboard in Resources */,
			);
			runOnlyForDeploymentPostprocessing = 0;
		};
/* End PBXResourcesBuildPhase section */

/* Begin PBXShellScriptBuildPhase section */
		0CDB27F76C6BDE06D42317BD /* Check Pods Manifest.lock */ = {
			isa = PBXShellScriptBuildPhase;
			buildActionMask = 2147483647;
			files = (
			);
			inputPaths = (
			);
			name = "Check Pods Manifest.lock";
			outputPaths = (
			);
			runOnlyForDeploymentPostprocessing = 0;
			shellPath = /bin/sh;
			shellScript = "diff \"${PODS_ROOT}/../Podfile.lock\" \"${PODS_ROOT}/Manifest.lock\" > /dev/null\nif [[ $? != 0 ]] ; then\n    cat << EOM\nerror: The sandbox is not in sync with the Podfile.lock. Run 'pod install' or update your CocoaPods installation.\nEOM\n    exit 1\nfi\n";
			showEnvVarsInLog = 0;
		};
		4E483228B2CC1B2F51A73E77 /* Copy Pods Resources */ = {
			isa = PBXShellScriptBuildPhase;
			buildActionMask = 2147483647;
			files = (
			);
			inputPaths = (
			);
			name = "Copy Pods Resources";
			outputPaths = (
			);
			runOnlyForDeploymentPostprocessing = 0;
			shellPath = /bin/sh;
			shellScript = "\"${SRCROOT}/Pods/Target Support Files/Pods/Pods-resources.sh\"\n";
			showEnvVarsInLog = 0;
		};
		9651935D82665C0C7DD8D020 /* Embed Pods Frameworks */ = {
			isa = PBXShellScriptBuildPhase;
			buildActionMask = 2147483647;
			files = (
			);
			inputPaths = (
			);
			name = "Embed Pods Frameworks";
			outputPaths = (
			);
			runOnlyForDeploymentPostprocessing = 0;
			shellPath = /bin/sh;
			shellScript = "\"${SRCROOT}/Pods/Target Support Files/Pods/Pods-frameworks.sh\"\n";
			showEnvVarsInLog = 0;
		};
/* End PBXShellScriptBuildPhase section */

/* Begin PBXSourcesBuildPhase section */
		18C11CFF1C7BF259001D2706 /* Sources */ = {
			isa = PBXSourcesBuildPhase;
			buildActionMask = 2147483647;
			files = (
				182C78BD1C7C545C00FD2B63 /* NSTextAttachment+Util.m in Sources */,
				182C78C01C7C54DD00FD2B63 /* AFHTTPRequestOperationManager+Util.m in Sources */,
				182C788D1C7C04A500FD2B63 /* UIView+Util.m in Sources */,
				182C78B11C7C4D3000FD2B63 /* OSCBaseObject.m in Sources */,
				18764EAC1C7D840300E4E269 /* LoginViewController.m in Sources */,
				182C78B71C7C522C00FD2B63 /* UIImageView+Util.m in Sources */,
				182C789D1C7C37E900FD2B63 /* OSCObjsViewController.m in Sources */,
				182C78B41C7C51D400FD2B63 /* Utils.m in Sources */,
				18764EB01C7DB0D100E4E269 /* PostsViewController.m in Sources */,
				18764EB41C7E8CA700E4E269 /* OSCPost.m in Sources */,
				182C788A1C7C00A700FD2B63 /* Config.m in Sources */,
				182C78931C7C0DB400FD2B63 /* RootViewController.m in Sources */,
				182C78AC1C7C3A0000FD2B63 /* LastCell.m in Sources */,
				18C11D0B1C7BF259001D2706 /* AppDelegate.m in Sources */,
				18C11D081C7BF259001D2706 /* main.m in Sources */,
				182C78A41C7C385F00FD2B63 /* HorizonalTableViewController.m in Sources */,
				182C78991C7C0E5200FD2B63 /* OSCTabBarController.m in Sources */,
				182C78A11C7C384100FD2B63 /* TitleBarView.m in Sources */,
				182C78BA1C7C52AC00FD2B63 /* UIImage+Util.m in Sources */,
				182C78A71C7C387700FD2B63 /* SwipableViewController.m in Sources */,
				18764EB71C7E90B000E4E269 /* PostCell.m in Sources */,
				182C78961C7C0DFB00FD2B63 /* SideMenuViewController.m in Sources */,
				182C78871C7BFFCC00FD2B63 /* UIColor+Util.m in Sources */,
			);
			runOnlyForDeploymentPostprocessing = 0;
		};
/* End PBXSourcesBuildPhase section */

/* Begin PBXVariantGroup section */
		18C11D0F1C7BF259001D2706 /* Main.storyboard */ = {
			isa = PBXVariantGroup;
			children = (
				18C11D101C7BF259001D2706 /* Base */,
			);
			name = Main.storyboard;
			sourceTree = "<group>";
		};
		18C11D141C7BF259001D2706 /* LaunchScreen.storyboard */ = {
			isa = PBXVariantGroup;
			children = (
				18C11D151C7BF259001D2706 /* Base */,
			);
			name = LaunchScreen.storyboard;
			sourceTree = "<group>";
		};
/* End PBXVariantGroup section */

/* Begin XCBuildConfiguration section */
		18C11D181C7BF259001D2706 /* Debug */ = {
			isa = XCBuildConfiguration;
			buildSettings = {
				ALWAYS_SEARCH_USER_PATHS = NO;
				CLANG_CXX_LANGUAGE_STANDARD = "gnu++0x";
				CLANG_CXX_LIBRARY = "libc++";
				CLANG_ENABLE_MODULES = YES;
				CLANG_ENABLE_OBJC_ARC = YES;
				CLANG_WARN_BOOL_CONVERSION = YES;
				CLANG_WARN_CONSTANT_CONVERSION = YES;
				CLANG_WARN_DIRECT_OBJC_ISA_USAGE = YES_ERROR;
				CLANG_WARN_EMPTY_BODY = YES;
				CLANG_WARN_ENUM_CONVERSION = YES;
				CLANG_WARN_INT_CONVERSION = YES;
				CLANG_WARN_OBJC_ROOT_CLASS = YES_ERROR;
				CLANG_WARN_UNREACHABLE_CODE = YES;
				CLANG_WARN__DUPLICATE_METHOD_MATCH = YES;
				"CODE_SIGN_IDENTITY[sdk=iphoneos*]" = "iPhone Developer";
				COPY_PHASE_STRIP = NO;
				DEBUG_INFORMATION_FORMAT = dwarf;
				ENABLE_STRICT_OBJC_MSGSEND = YES;
				ENABLE_TESTABILITY = YES;
				GCC_C_LANGUAGE_STANDARD = gnu99;
				GCC_DYNAMIC_NO_PIC = NO;
				GCC_NO_COMMON_BLOCKS = YES;
				GCC_OPTIMIZATION_LEVEL = 0;
				GCC_PREPROCESSOR_DEFINITIONS = (
					"DEBUG=1",
					"$(inherited)",
				);
				GCC_WARN_64_TO_32_BIT_CONVERSION = YES;
				GCC_WARN_ABOUT_RETURN_TYPE = YES_ERROR;
				GCC_WARN_UNDECLARED_SELECTOR = YES;
				GCC_WARN_UNINITIALIZED_AUTOS = YES_AGGRESSIVE;
				GCC_WARN_UNUSED_FUNCTION = YES;
				GCC_WARN_UNUSED_VARIABLE = YES;
				IPHONEOS_DEPLOYMENT_TARGET = 9.0;
				MTL_ENABLE_DEBUG_INFO = YES;
				ONLY_ACTIVE_ARCH = YES;
				SDKROOT = iphoneos;
			};
			name = Debug;
		};
		18C11D191C7BF259001D2706 /* Release */ = {
			isa = XCBuildConfiguration;
			buildSettings = {
				ALWAYS_SEARCH_USER_PATHS = NO;
				CLANG_CXX_LANGUAGE_STANDARD = "gnu++0x";
				CLANG_CXX_LIBRARY = "libc++";
				CLANG_ENABLE_MODULES = YES;
				CLANG_ENABLE_OBJC_ARC = YES;
				CLANG_WARN_BOOL_CONVERSION = YES;
				CLANG_WARN_CONSTANT_CONVERSION = YES;
				CLANG_WARN_DIRECT_OBJC_ISA_USAGE = YES_ERROR;
				CLANG_WARN_EMPTY_BODY = YES;
				CLANG_WARN_ENUM_CONVERSION = YES;
				CLANG_WARN_INT_CONVERSION = YES;
				CLANG_WARN_OBJC_ROOT_CLASS = YES_ERROR;
				CLANG_WARN_UNREACHABLE_CODE = YES;
				CLANG_WARN__DUPLICATE_METHOD_MATCH = YES;
				"CODE_SIGN_IDENTITY[sdk=iphoneos*]" = "iPhone Developer";
				COPY_PHASE_STRIP = NO;
				DEBUG_INFORMATION_FORMAT = "dwarf-with-dsym";
				ENABLE_NS_ASSERTIONS = NO;
				ENABLE_STRICT_OBJC_MSGSEND = YES;
				GCC_C_LANGUAGE_STANDARD = gnu99;
				GCC_NO_COMMON_BLOCKS = YES;
				GCC_WARN_64_TO_32_BIT_CONVERSION = YES;
				GCC_WARN_ABOUT_RETURN_TYPE = YES_ERROR;
				GCC_WARN_UNDECLARED_SELECTOR = YES;
				GCC_WARN_UNINITIALIZED_AUTOS = YES_AGGRESSIVE;
				GCC_WARN_UNUSED_FUNCTION = YES;
				GCC_WARN_UNUSED_VARIABLE = YES;
				IPHONEOS_DEPLOYMENT_TARGET = 9.0;
				MTL_ENABLE_DEBUG_INFO = NO;
				SDKROOT = iphoneos;
				VALIDATE_PRODUCT = YES;
			};
			name = Release;
		};
		18C11D1B1C7BF259001D2706 /* Debug */ = {
			isa = XCBuildConfiguration;
			baseConfigurationReference = B42589654B1D12E59DE22A09 /* Pods.debug.xcconfig */;
			buildSettings = {
				ASSETCATALOG_COMPILER_APPICON_NAME = AppIcon;
				GCC_PREFIX_HEADER = "$(SRCROOT)/OSChina/PrefixHeader.pch";
				INFOPLIST_FILE = OSChina/Info.plist;
				IPHONEOS_DEPLOYMENT_TARGET = 8.0;
				LD_RUNPATH_SEARCH_PATHS = "$(inherited) @executable_path/Frameworks";
				PRODUCT_BUNDLE_IDENTIFIER = yjh.OSChina;
				PRODUCT_NAME = "$(TARGET_NAME)";
			};
			name = Debug;
		};
		18C11D1C1C7BF259001D2706 /* Release */ = {
			isa = XCBuildConfiguration;
			baseConfigurationReference = 68D197F841872F9F981173CE /* Pods.release.xcconfig */;
			buildSettings = {
				ASSETCATALOG_COMPILER_APPICON_NAME = AppIcon;
				GCC_PREFIX_HEADER = "$(SRCROOT)/OSChina/PrefixHeader.pch";
				INFOPLIST_FILE = OSChina/Info.plist;
				IPHONEOS_DEPLOYMENT_TARGET = 8.0;
				LD_RUNPATH_SEARCH_PATHS = "$(inherited) @executable_path/Frameworks";
				PRODUCT_BUNDLE_IDENTIFIER = yjh.OSChina;
				PRODUCT_NAME = "$(TARGET_NAME)";
			};
			name = Release;
		};
/* End XCBuildConfiguration section */

/* Begin XCConfigurationList section */
		18C11CFE1C7BF259001D2706 /* Build configuration list for PBXProject "OSChina" */ = {
			isa = XCConfigurationList;
			buildConfigurations = (
				18C11D181C7BF259001D2706 /* Debug */,
				18C11D191C7BF259001D2706 /* Release */,
			);
			defaultConfigurationIsVisible = 0;
			defaultConfigurationName = Release;
		};
		18C11D1A1C7BF259001D2706 /* Build configuration list for PBXNativeTarget "OSChina" */ = {
			isa = XCConfigurationList;
			buildConfigurations = (
				18C11D1B1C7BF259001D2706 /* Debug */,
				18C11D1C1C7BF259001D2706 /* Release */,
			);
			defaultConfigurationIsVisible = 0;
			defaultConfigurationName = Release;
		};
/* End XCConfigurationList section */
	};
	rootObject = 18C11CFB1C7BF259001D2706 /* Project object */;
}
